
Microsoft Visual Studio Solution File, Format Version 12.00
# Visual Studio Version 17
VisualStudioVersion = 17.14.36202.13 d17.14
MinimumVisualStudioVersion = 10.0.40219.1
Project("{FAE04EC0-301F-11D3-BF4B-00C04F79EFBC}") = "Server", "Server\Server.csproj", "{859810A8-40AA-41BC-8FED-1FA8E79195C2}"
EndProject
Project("{FAE04EC0-301F-11D3-BF4B-00C04F79EFBC}") = "Zajednicki", "Zajednicki\Zajednicki.csproj", "{5EFC2D55-66FD-4B4D-86A3-187E8FB1ED10}"
EndProject
Project("{FAE04EC0-301F-11D3-BF4B-00C04F79EFBC}") = "DBBroker", "DBBroker\DBBroker.csproj", "{2FD5A3E7-7530-4F8E-BD12-BC3B255143FB}"
EndProject
Project("{FAE04EC0-301F-11D3-BF4B-00C04F79EFBC}") = "SistemskeOperacije", "SistemskeOperacije\SistemskeOperacije.csproj", "{793484EF-B016-45A7-9726-5099F9328F39}"
EndProject
Project("{FAE04EC0-301F-11D3-BF4B-00C04F79EFBC}") = "Klijent", "Klijent\Klijent.csproj", "{7650FC39-6176-42C8-8733-EEEF0388E7B8}"
EndProject
Global
	GlobalSection(SolutionConfigurationPlatforms) = preSolution
		Debug|Any CPU = Debug|Any CPU
		Release|Any CPU = Release|Any CPU
	EndGlobalSection
	GlobalSection(ProjectConfigurationPlatforms) = postSolution
		{859810A8-40AA-41BC-8FED-1FA8E79195C2}.Debug|Any CPU.ActiveCfg = Debug|Any CPU
		{859810A8-40AA-41BC-8FED-1FA8E79195C2}.Debug|Any CPU.Build.0 = Debug|Any CPU
		{859810A8-40AA-41BC-8FED-1FA8E79195C2}.Release|Any CPU.ActiveCfg = Release|Any CPU
		{859810A8-40AA-41BC-8FED-1FA8E79195C2}.Release|Any CPU.Build.0 = Release|Any CPU
		{5EFC2D55-66FD-4B4D-86A3-187E8FB1ED10}.Debug|Any CPU.ActiveCfg = Debug|Any CPU
		{5EFC2D55-66FD-4B4D-86A3-187E8FB1ED10}.Debug|Any CPU.Build.0 = Debug|Any CPU
		{5EFC2D55-66FD-4B4D-86A3-187E8FB1ED10}.Release|Any CPU.ActiveCfg = Release|Any CPU
		{5EFC2D55-66FD-4B4D-86A3-187E8FB1ED10}.Release|Any CPU.Build.0 = Release|Any CPU
		{2FD5A3E7-7530-4F8E-BD12-BC3B255143FB}.Debug|Any CPU.ActiveCfg = Debug|Any CPU
		{2FD5A3E7-7530-4F8E-BD12-BC3B255143FB}.Debug|Any CPU.Build.0 = Debug|Any CPU
		{2FD5A3E7-7530-4F8E-BD12-BC3B255143FB}.Release|Any CPU.ActiveCfg = Release|Any CPU
		{2FD5A3E7-7530-4F8E-BD12-BC3B255143FB}.Release|Any CPU.Build.0 = Release|Any CPU
		{793484EF-B016-45A7-9726-5099F9328F39}.Debug|Any CPU.ActiveCfg = Debug|Any CPU
		{793484EF-B016-45A7-9726-5099F9328F39}.Debug|Any CPU.Build.0 = Debug|Any CPU
		{793484EF-B016-45A7-9726-5099F9328F39}.Release|Any CPU.ActiveCfg = Release|Any CPU
		{793484EF-B016-45A7-9726-5099F9328F39}.Release|Any CPU.Build.0 = Release|Any CPU
		{7650FC39-6176-42C8-8733-EEEF0388E7B8}.Debug|Any CPU.ActiveCfg = Debug|Any CPU
		{7650FC39-6176-42C8-8733-EEEF0388E7B8}.Debug|Any CPU.Build.0 = Debug|Any CPU
		{7650FC39-6176-42C8-8733-EEEF0388E7B8}.Release|Any CPU.ActiveCfg = Release|Any CPU
		{7650FC39-6176-42C8-8733-EEEF0388E7B8}.Release|Any CPU.Build.0 = Release|Any CPU
	EndGlobalSection
	GlobalSection(SolutionProperties) = preSolution
		HideSolutionNode = FALSE
	EndGlobalSection
	GlobalSection(ExtensibilityGlobals) = postSolution
		SolutionGuid = {35ADE3AC-BD27-4AD4-AC5C-7341F189DDC7}
	EndGlobalSection
EndGlobal
